
Microsoft Visual Studio Solution File, Format Version 12.00
# Visual Studio Version 17
VisualStudioVersion = 17.5.33530.505
MinimumVisualStudioVersion = 10.0.40219.1
Project("{FAE04EC0-301F-11D3-BF4B-00C04F79EFBC}") = "LivroEntendendoAlg", "LivroEntendendoAlg\LivroEntendendoAlg.csproj", "{76BD4AC0-CEAF-498B-AEC4-5E17B55DE65D}"
EndProject
Global
	GlobalSection(SolutionConfigurationPlatforms) = preSolution
		Debug|Any CPU = Debug|Any CPU
		Release|Any CPU = Release|Any CPU
	EndGlobalSection
	GlobalSection(ProjectConfigurationPlatforms) = postSolution
		{76BD4AC0-CEAF-498B-AEC4-5E17B55DE65D}.Debug|Any CPU.ActiveCfg = Debug|Any CPU
		{76BD4AC0-CEAF-498B-AEC4-5E17B55DE65D}.Debug|Any CPU.Build.0 = Debug|Any CPU
		{76BD4AC0-CEAF-498B-AEC4-5E17B55DE65D}.Release|Any CPU.ActiveCfg = Release|Any CPU
		{76BD4AC0-CEAF-498B-AEC4-5E17B55DE65D}.Release|Any CPU.Build.0 = Release|Any CPU
	EndGlobalSection
	GlobalSection(SolutionProperties) = preSolution
		HideSolutionNode = FALSE
	EndGlobalSection
	GlobalSection(ExtensibilityGlobals) = postSolution
		SolutionGuid = {DE0385AE-1215-415E-98C8-07CCD2210539}
	EndGlobalSection
EndGlobal
